
Microsoft Visual Studio Solution File, Format Version 12.00
# Visual Studio Version 17
VisualStudioVersion = 17.10.34928.147
MinimumVisualStudioVersion = 10.0.40219.1
Project("{9A19103F-16F7-4668-BE54-9A1E7A4F7556}") = "TreesCode", "TreesCode.csproj", "{0914081C-9044-4650-8BA2-3329F2AA36FF}"
EndProject
Project("{9A19103F-16F7-4668-BE54-9A1E7A4F7556}") = "XTreesCode", "..\XTreesCode\XTreesCode.csproj", "{722D1612-1BC0-4C37-8082-B236E4A4D4E1}"
EndProject
Project("{FAE04EC0-301F-11D3-BF4B-00C04F79EFBC}") = "XTreeSecondMaxValue", "..\TreeSecondMaxValue\XTreeSecondMaxValue\XTreeSecondMaxValue.csproj", "{D2E31C82-7DE0-4F37-8BD4-E87616491E89}"
EndProject
Project("{FAE04EC0-301F-11D3-BF4B-00C04F79EFBC}") = "TreeTest", "TreeTest\TreeTest.csproj", "{C49A2D0E-84EF-4488-B5C0-57841F1CC778}"
EndProject
Global
	GlobalSection(SolutionConfigurationPlatforms) = preSolution
		Debug|Any CPU = Debug|Any CPU
		Release|Any CPU = Release|Any CPU
	EndGlobalSection
	GlobalSection(ProjectConfigurationPlatforms) = postSolution
		{0914081C-9044-4650-8BA2-3329F2AA36FF}.Debug|Any CPU.ActiveCfg = Debug|Any CPU
		{0914081C-9044-4650-8BA2-3329F2AA36FF}.Debug|Any CPU.Build.0 = Debug|Any CPU
		{0914081C-9044-4650-8BA2-3329F2AA36FF}.Release|Any CPU.ActiveCfg = Release|Any CPU
		{0914081C-9044-4650-8BA2-3329F2AA36FF}.Release|Any CPU.Build.0 = Release|Any CPU
		{722D1612-1BC0-4C37-8082-B236E4A4D4E1}.Debug|Any CPU.ActiveCfg = Debug|Any CPU
		{722D1612-1BC0-4C37-8082-B236E4A4D4E1}.Debug|Any CPU.Build.0 = Debug|Any CPU
		{722D1612-1BC0-4C37-8082-B236E4A4D4E1}.Release|Any CPU.ActiveCfg = Release|Any CPU
		{722D1612-1BC0-4C37-8082-B236E4A4D4E1}.Release|Any CPU.Build.0 = Release|Any CPU
		{D2E31C82-7DE0-4F37-8BD4-E87616491E89}.Debug|Any CPU.ActiveCfg = Debug|Any CPU
		{D2E31C82-7DE0-4F37-8BD4-E87616491E89}.Debug|Any CPU.Build.0 = Debug|Any CPU
		{D2E31C82-7DE0-4F37-8BD4-E87616491E89}.Release|Any CPU.ActiveCfg = Release|Any CPU
		{D2E31C82-7DE0-4F37-8BD4-E87616491E89}.Release|Any CPU.Build.0 = Release|Any CPU
		{C49A2D0E-84EF-4488-B5C0-57841F1CC778}.Debug|Any CPU.ActiveCfg = Debug|Any CPU
		{C49A2D0E-84EF-4488-B5C0-57841F1CC778}.Debug|Any CPU.Build.0 = Debug|Any CPU
		{C49A2D0E-84EF-4488-B5C0-57841F1CC778}.Release|Any CPU.ActiveCfg = Release|Any CPU
		{C49A2D0E-84EF-4488-B5C0-57841F1CC778}.Release|Any CPU.Build.0 = Release|Any CPU
	EndGlobalSection
	GlobalSection(SolutionProperties) = preSolution
		HideSolutionNode = FALSE
	EndGlobalSection
	GlobalSection(ExtensibilityGlobals) = postSolution
		SolutionGuid = {A69F4028-8819-4EE4-9020-F5D24948AE38}
	EndGlobalSection
EndGlobal
