
Microsoft Visual Studio Solution File, Format Version 12.00
# Visual Studio Version 17
VisualStudioVersion = 17.10.34928.147
MinimumVisualStudioVersion = 10.0.40219.1
Project("{FAE04EC0-301F-11D3-BF4B-00C04F79EFBC}") = "challenges-and-data-structures", "challenges-and-data-structures\challenges-and-data-structures.csproj", "{7BB0B15D-4995-4F5F-9752-F0797490FE8C}"
EndProject
Global
	GlobalSection(SolutionConfigurationPlatforms) = preSolution
		Debug|Any CPU = Debug|Any CPU
		Release|Any CPU = Release|Any CPU
	EndGlobalSection
	GlobalSection(ProjectConfigurationPlatforms) = postSolution
		{7BB0B15D-4995-4F5F-9752-F0797490FE8C}.Debug|Any CPU.ActiveCfg = Debug|Any CPU
		{7BB0B15D-4995-4F5F-9752-F0797490FE8C}.Debug|Any CPU.Build.0 = Debug|Any CPU
		{7BB0B15D-4995-4F5F-9752-F0797490FE8C}.Release|Any CPU.ActiveCfg = Release|Any CPU
		{7BB0B15D-4995-4F5F-9752-F0797490FE8C}.Release|Any CPU.Build.0 = Release|Any CPU
	EndGlobalSection
	GlobalSection(SolutionProperties) = preSolution
		HideSolutionNode = FALSE
	EndGlobalSection
	GlobalSection(ExtensibilityGlobals) = postSolution
		SolutionGuid = {4EE6B444-27B9-49ED-AAD5-AD1572B97549}
	EndGlobalSection
EndGlobal
